
Microsoft Visual Studio Solution File, Format Version 12.00
# Visual Studio 15
VisualStudioVersion = 15.0.27703.2026
MinimumVisualStudioVersion = 10.0.40219.1
Project("{FAE04EC0-301F-11D3-BF4B-00C04F79EFBC}") = "Jober", "Jober\Jober.csproj", "{A35BF1CD-9AB9-405F-8AF5-7B6B6E7F3F05}"
EndProject
Global
	GlobalSection(SolutionConfigurationPlatforms) = preSolution
		Debug|Any CPU = Debug|Any CPU
		Release|Any CPU = Release|Any CPU
	EndGlobalSection
	GlobalSection(ProjectConfigurationPlatforms) = postSolution
		{A35BF1CD-9AB9-405F-8AF5-7B6B6E7F3F05}.Debug|Any CPU.ActiveCfg = Debug|Any CPU
		{A35BF1CD-9AB9-405F-8AF5-7B6B6E7F3F05}.Debug|Any CPU.Build.0 = Debug|Any CPU
		{A35BF1CD-9AB9-405F-8AF5-7B6B6E7F3F05}.Release|Any CPU.ActiveCfg = Release|Any CPU
		{A35BF1CD-9AB9-405F-8AF5-7B6B6E7F3F05}.Release|Any CPU.Build.0 = Release|Any CPU
	EndGlobalSection
	GlobalSection(SolutionProperties) = preSolution
		HideSolutionNode = FALSE
	EndGlobalSection
	GlobalSection(ExtensibilityGlobals) = postSolution
		SolutionGuid = {F3934E36-0A3B-4E6C-8161-3F157696D5C9}
	EndGlobalSection
EndGlobal
